
Microsoft Visual Studio Solution File, Format Version 11.00
# Visual Studio 2010
Project("{FAE04EC0-301F-11D3-BF4B-00C04F79EFBC}") = "DibujandoLaCancha", "Assembly-CSharp.csproj", "{8EBA6D72-59AD-CDE4-3925-643B99D08D83}"
EndProject
Project("{FAE04EC0-301F-11D3-BF4B-00C04F79EFBC}") = "DibujandoLaCancha", "Assembly-CSharp-Editor.csproj", "{4C2115F6-766A-2D91-47BC-148D43AA42B5}"
EndProject
Global
	GlobalSection(SolutionConfigurationPlatforms) = preSolution
		Debug|Any CPU = Debug|Any CPU
		Release|Any CPU = Release|Any CPU
	EndGlobalSection
	GlobalSection(ProjectConfigurationPlatforms) = postSolution
		{8EBA6D72-59AD-CDE4-3925-643B99D08D83}.Debug|Any CPU.ActiveCfg = Debug|Any CPU
		{8EBA6D72-59AD-CDE4-3925-643B99D08D83}.Debug|Any CPU.Build.0 = Debug|Any CPU
		{8EBA6D72-59AD-CDE4-3925-643B99D08D83}.Release|Any CPU.ActiveCfg = Release|Any CPU
		{8EBA6D72-59AD-CDE4-3925-643B99D08D83}.Release|Any CPU.Build.0 = Release|Any CPU
		{4C2115F6-766A-2D91-47BC-148D43AA42B5}.Debug|Any CPU.ActiveCfg = Debug|Any CPU
		{4C2115F6-766A-2D91-47BC-148D43AA42B5}.Debug|Any CPU.Build.0 = Debug|Any CPU
		{4C2115F6-766A-2D91-47BC-148D43AA42B5}.Release|Any CPU.ActiveCfg = Release|Any CPU
		{4C2115F6-766A-2D91-47BC-148D43AA42B5}.Release|Any CPU.Build.0 = Release|Any CPU
	EndGlobalSection
	GlobalSection(SolutionProperties) = preSolution
		HideSolutionNode = FALSE
	EndGlobalSection
	GlobalSection(MonoDevelopProperties) = preSolution
		StartupItem = Assembly-CSharp.csproj
	EndGlobalSection
EndGlobal
